
Microsoft Visual Studio Solution File, Format Version 12.00
# Visual Studio Version 17
VisualStudioVersion = 17.4.32916.344
MinimumVisualStudioVersion = 10.0.40219.1
Project("{9A19103F-16F7-4668-BE54-9A1E7A4F7556}") = "Entities", "Entities\Entities.csproj", "{F99A21C6-37EC-4C45-8969-18C1BA220620}"
EndProject
Project("{9A19103F-16F7-4668-BE54-9A1E7A4F7556}") = "DataAccess", "DataAccess\DataAccess.csproj", "{B993947F-B559-4E2C-9049-07A7A6617B5F}"
EndProject
Project("{9A19103F-16F7-4668-BE54-9A1E7A4F7556}") = "Business", "Business\Business.csproj", "{D8AB875F-BFE6-4564-B6F6-87ADEB0567E7}"
EndProject
Project("{9A19103F-16F7-4668-BE54-9A1E7A4F7556}") = "WebAPI", "WebAPI\WebAPI.csproj", "{CEB1B974-01C0-41A4-89B3-9DBBA924A07B}"
EndProject
Project("{FAE04EC0-301F-11D3-BF4B-00C04F79EFBC}") = "WebMVC", "WebMVC\WebMVC.csproj", "{9E6FEE29-D8AF-4FD9-8D50-8F0B321D437F}"
EndProject
Global
	GlobalSection(SolutionConfigurationPlatforms) = preSolution
		Debug|Any CPU = Debug|Any CPU
		Release|Any CPU = Release|Any CPU
	EndGlobalSection
	GlobalSection(ProjectConfigurationPlatforms) = postSolution
		{F99A21C6-37EC-4C45-8969-18C1BA220620}.Debug|Any CPU.ActiveCfg = Debug|Any CPU
		{F99A21C6-37EC-4C45-8969-18C1BA220620}.Debug|Any CPU.Build.0 = Debug|Any CPU
		{F99A21C6-37EC-4C45-8969-18C1BA220620}.Release|Any CPU.ActiveCfg = Release|Any CPU
		{F99A21C6-37EC-4C45-8969-18C1BA220620}.Release|Any CPU.Build.0 = Release|Any CPU
		{B993947F-B559-4E2C-9049-07A7A6617B5F}.Debug|Any CPU.ActiveCfg = Debug|Any CPU
		{B993947F-B559-4E2C-9049-07A7A6617B5F}.Debug|Any CPU.Build.0 = Debug|Any CPU
		{B993947F-B559-4E2C-9049-07A7A6617B5F}.Release|Any CPU.ActiveCfg = Release|Any CPU
		{B993947F-B559-4E2C-9049-07A7A6617B5F}.Release|Any CPU.Build.0 = Release|Any CPU
		{D8AB875F-BFE6-4564-B6F6-87ADEB0567E7}.Debug|Any CPU.ActiveCfg = Debug|Any CPU
		{D8AB875F-BFE6-4564-B6F6-87ADEB0567E7}.Debug|Any CPU.Build.0 = Debug|Any CPU
		{D8AB875F-BFE6-4564-B6F6-87ADEB0567E7}.Release|Any CPU.ActiveCfg = Release|Any CPU
		{D8AB875F-BFE6-4564-B6F6-87ADEB0567E7}.Release|Any CPU.Build.0 = Release|Any CPU
		{CEB1B974-01C0-41A4-89B3-9DBBA924A07B}.Debug|Any CPU.ActiveCfg = Debug|Any CPU
		{CEB1B974-01C0-41A4-89B3-9DBBA924A07B}.Debug|Any CPU.Build.0 = Debug|Any CPU
		{CEB1B974-01C0-41A4-89B3-9DBBA924A07B}.Release|Any CPU.ActiveCfg = Release|Any CPU
		{CEB1B974-01C0-41A4-89B3-9DBBA924A07B}.Release|Any CPU.Build.0 = Release|Any CPU
		{9E6FEE29-D8AF-4FD9-8D50-8F0B321D437F}.Debug|Any CPU.ActiveCfg = Debug|Any CPU
		{9E6FEE29-D8AF-4FD9-8D50-8F0B321D437F}.Debug|Any CPU.Build.0 = Debug|Any CPU
		{9E6FEE29-D8AF-4FD9-8D50-8F0B321D437F}.Release|Any CPU.ActiveCfg = Release|Any CPU
		{9E6FEE29-D8AF-4FD9-8D50-8F0B321D437F}.Release|Any CPU.Build.0 = Release|Any CPU
	EndGlobalSection
	GlobalSection(SolutionProperties) = preSolution
		HideSolutionNode = FALSE
	EndGlobalSection
	GlobalSection(ExtensibilityGlobals) = postSolution
		SolutionGuid = {944139DF-64F7-422E-B635-BAC98F52C179}
	EndGlobalSection
EndGlobal
